
Microsoft Visual Studio Solution File, Format Version 12.00
# Visual Studio Version 17
VisualStudioVersion = 17.9.34728.123
MinimumVisualStudioVersion = 10.0.40219.1
Project("{FAE04EC0-301F-11D3-BF4B-00C04F79EFBC}") = "Bases de datos II", "Bases de datos II.csproj", "{E37668C8-C650-4107-904F-B37E6FD7AD9F}"
EndProject
Global
	GlobalSection(SolutionConfigurationPlatforms) = preSolution
		Debug|Any CPU = Debug|Any CPU
		Release|Any CPU = Release|Any CPU
	EndGlobalSection
	GlobalSection(ProjectConfigurationPlatforms) = postSolution
		{E37668C8-C650-4107-904F-B37E6FD7AD9F}.Debug|Any CPU.ActiveCfg = Debug|Any CPU
		{E37668C8-C650-4107-904F-B37E6FD7AD9F}.Debug|Any CPU.Build.0 = Debug|Any CPU
		{E37668C8-C650-4107-904F-B37E6FD7AD9F}.Release|Any CPU.ActiveCfg = Release|Any CPU
		{E37668C8-C650-4107-904F-B37E6FD7AD9F}.Release|Any CPU.Build.0 = Release|Any CPU
	EndGlobalSection
	GlobalSection(SolutionProperties) = preSolution
		HideSolutionNode = FALSE
	EndGlobalSection
	GlobalSection(ExtensibilityGlobals) = postSolution
		SolutionGuid = {2DE11650-2F82-4539-839E-42EC772FC977}
	EndGlobalSection
EndGlobal
